// !$*UTF8*$!
{
	archiveVersion = 1;
	classes = {
	};
	objectVersion = 51;
	objects = {

/* Begin PBXBuildFile section */
		938831310431F8BFDA7A87CC /* Pods_test_testUITests.framework in Frameworks */ = {isa = PBXBuildFile; fileRef = C37A14B4AC102F5B9CA41361 /* Pods_test_testUITests.framework */; };
		A742E2A90A7C693DA81BA283 /* Pods_test.framework in Frameworks */ = {isa = PBXBuildFile; fileRef = 8838F4D76F7392C7A6483439 /* Pods_test.framework */; };
		C60A1D08B487303E7DFDD562 /* Pods_testTests.framework in Frameworks */ = {isa = PBXBuildFile; fileRef = 9B8298484B82324653DED985 /* Pods_testTests.framework */; };
		CD575BD223C85C88009429FF /* AppDelegate.swift in Sources */ = {isa = PBXBuildFile; fileRef = CD575BD123C85C88009429FF /* AppDelegate.swift */; };
		CD575BD423C85C88009429FF /* SceneDelegate.swift in Sources */ = {isa = PBXBuildFile; fileRef = CD575BD323C85C88009429FF /* SceneDelegate.swift */; };
		CD575BD623C85C88009429FF /* ViewController.swift in Sources */ = {isa = PBXBuildFile; fileRef = CD575BD523C85C88009429FF /* ViewController.swift */; };
		CD575BD923C85C88009429FF /* Main.storyboard in Resources */ = {isa = PBXBuildFile; fileRef = CD575BD723C85C88009429FF /* Main.storyboard */; };
		CD575BDB23C85C8C009429FF /* Assets.xcassets in Resources */ = {isa = PBXBuildFile; fileRef = CD575BDA23C85C8C009429FF /* Assets.xcassets */; };
		CD575BDE23C85C8C009429FF /* LaunchScreen.storyboard in Resources */ = {isa = PBXBuildFile; fileRef = CD575BDC23C85C8C009429FF /* LaunchScreen.storyboard */; };
		CD575BE923C85C8C009429FF /* testTests.swift in Sources */ = {isa = PBXBuildFile; fileRef = CD575BE823C85C8C009429FF /* testTests.swift */; };
		CD575BF423C85C8C009429FF /* testUITests.swift in Sources */ = {isa = PBXBuildFile; fileRef = CD575BF323C85C8C009429FF /* testUITests.swift */; };
/* End PBXBuildFile section */

/* Begin PBXContainerItemProxy section */
		CD575BE523C85C8C009429FF /* PBXContainerItemProxy */ = {
			isa = PBXContainerItemProxy;
			containerPortal = CD575BC623C85C88009429FF /* Project object */;
			proxyType = 1;
			remoteGlobalIDString = CD575BCD23C85C88009429FF;
			remoteInfo = test;
		};
		CD575BF023C85C8C009429FF /* PBXContainerItemProxy */ = {
			isa = PBXContainerItemProxy;
			containerPortal = CD575BC623C85C88009429FF /* Project object */;
			proxyType = 1;
			remoteGlobalIDString = CD575BCD23C85C88009429FF;
			remoteInfo = test;
		};
/* End PBXContainerItemProxy section */

/* Begin PBXFileReference section */
		0CB0098EB8CD3525E0725B4C /* Pods-test-testUITests.release.xcconfig */ = {isa = PBXFileReference; includeInIndex = 1; lastKnownFileType = text.xcconfig; name = "Pods-test-testUITests.release.xcconfig"; path = "Target Support Files/Pods-test-testUITests/Pods-test-testUITests.release.xcconfig"; sourceTree = "<group>"; };
		76E6A0F5AD392C505E52A306 /* Pods-test.debug.xcconfig */ = {isa = PBXFileReference; includeInIndex = 1; lastKnownFileType = text.xcconfig; name = "Pods-test.debug.xcconfig"; path = "Target Support Files/Pods-test/Pods-test.debug.xcconfig"; sourceTree = "<group>"; };
		8838F4D76F7392C7A6483439 /* Pods_test.framework */ = {isa = PBXFileReference; explicitFileType = wrapper.framework; includeInIndex = 0; path = Pods_test.framework; sourceTree = BUILT_PRODUCTS_DIR; };
		9B8298484B82324653DED985 /* Pods_testTests.framework */ = {isa = PBXFileReference; explicitFileType = wrapper.framework; includeInIndex = 0; path = Pods_testTests.framework; sourceTree = BUILT_PRODUCTS_DIR; };
		B633E1F998E7270DD2773B70 /* Pods-testTests.debug.xcconfig */ = {isa = PBXFileReference; includeInIndex = 1; lastKnownFileType = text.xcconfig; name = "Pods-testTests.debug.xcconfig"; path = "Target Support Files/Pods-testTests/Pods-testTests.debug.xcconfig"; sourceTree = "<group>"; };
		C30E286AAA57C444AB3C31AF /* Pods-test.release.xcconfig */ = {isa = PBXFileReference; includeInIndex = 1; lastKnownFileType = text.xcconfig; name = "Pods-test.release.xcconfig"; path = "Target Support Files/Pods-test/Pods-test.release.xcconfig"; sourceTree = "<group>"; };
		C37A14B4AC102F5B9CA41361 /* Pods_test_testUITests.framework */ = {isa = PBXFileReference; explicitFileType = wrapper.framework; includeInIndex = 0; path = Pods_test_testUITests.framework; sourceTree = BUILT_PRODUCTS_DIR; };
		CD575BCE23C85C88009429FF /* test.app */ = {isa = PBXFileReference; explicitFileType = wrapper.application; includeInIndex = 0; path = test.app; sourceTree = BUILT_PRODUCTS_DIR; };
		CD575BD123C85C88009429FF /* AppDelegate.swift */ = {isa = PBXFileReference; lastKnownFileType = sourcecode.swift; path = AppDelegate.swift; sourceTree = "<group>"; };
		CD575BD323C85C88009429FF /* SceneDelegate.swift */ = {isa = PBXFileReference; lastKnownFileType = sourcecode.swift; path = SceneDelegate.swift; sourceTree = "<group>"; };
		CD575BD523C85C88009429FF /* ViewController.swift */ = {isa = PBXFileReference; lastKnownFileType = sourcecode.swift; path = ViewController.swift; sourceTree = "<group>"; };
		CD575BD823C85C88009429FF /* Base */ = {isa = PBXFileReference; lastKnownFileType = file.storyboard; name = Base; path = Base.lproj/Main.storyboard; sourceTree = "<group>"; };
		CD575BDA23C85C8C009429FF /* Assets.xcassets */ = {isa = PBXFileReference; lastKnownFileType = folder.assetcatalog; path = Assets.xcassets; sourceTree = "<group>"; };
		CD575BDD23C85C8C009429FF /* Base */ = {isa = PBXFileReference; lastKnownFileType = file.storyboard; name = Base; path = Base.lproj/LaunchScreen.storyboard; sourceTree = "<group>"; };
		CD575BDF23C85C8C009429FF /* Info.plist */ = {isa = PBXFileReference; lastKnownFileType = text.plist.xml; path = Info.plist; sourceTree = "<group>"; };
		CD575BE423C85C8C009429FF /* testTests.xctest */ = {isa = PBXFileReference; explicitFileType = wrapper.cfbundle; includeInIndex = 0; path = testTests.xctest; sourceTree = BUILT_PRODUCTS_DIR; };
		CD575BE823C85C8C009429FF /* testTests.swift */ = {isa = PBXFileReference; lastKnownFileType = sourcecode.swift; path = testTests.swift; sourceTree = "<group>"; };
		CD575BEA23C85C8C009429FF /* Info.plist */ = {isa = PBXFileReference; lastKnownFileType = text.plist.xml; path = Info.plist; sourceTree = "<group>"; };
		CD575BEF23C85C8C009429FF /* testUITests.xctest */ = {isa = PBXFileReference; explicitFileType = wrapper.cfbundle; includeInIndex = 0; path = testUITests.xctest; sourceTree = BUILT_PRODUCTS_DIR; };
		CD575BF323C85C8C009429FF /* testUITests.swift */ = {isa = PBXFileReference; lastKnownFileType = sourcecode.swift; path = testUITests.swift; sourceTree = "<group>"; };
		CD575BF523C85C8C009429FF /* Info.plist */ = {isa = PBXFileReference; lastKnownFileType = text.plist.xml; path = Info.plist; sourceTree = "<group>"; };
		F1331FEAD91F3C02BB7C61ED /* Pods-testTests.release.xcconfig */ = {isa = PBXFileReference; includeInIndex = 1; lastKnownFileType = text.xcconfig; name = "Pods-testTests.release.xcconfig"; path = "Target Support Files/Pods-testTests/Pods-testTests.release.xcconfig"; sourceTree = "<group>"; };
		F786013622AACC707EA452B8 /* Pods-test-testUITests.debug.xcconfig */ = {isa = PBXFileReference; includeInIndex = 1; lastKnownFileType = text.xcconfig; name = "Pods-test-testUITests.debug.xcconfig"; path = "Target Support Files/Pods-test-testUITests/Pods-test-testUITests.debug.xcconfig"; sourceTree = "<group>"; };
/* End PBXFileReference section */

/* Begin PBXFrameworksBuildPhase section */
		CD575BCB23C85C88009429FF /* Frameworks */ = {
			isa = PBXFrameworksBuildPhase;
			buildActionMask = 2147483647;
			files = (
				A742E2A90A7C693DA81BA283 /* Pods_test.framework in Frameworks */,
			);
			runOnlyForDeploymentPostprocessing = 0;
		};
		CD575BE123C85C8C009429FF /* Frameworks */ = {
			isa = PBXFrameworksBuildPhase;
			buildActionMask = 2147483647;
			files = (
				C60A1D08B487303E7DFDD562 /* Pods_testTests.framework in Frameworks */,
			);
			runOnlyForDeploymentPostprocessing = 0;
		};
		CD575BEC23C85C8C009429FF /* Frameworks */ = {
			isa = PBXFrameworksBuildPhase;
			buildActionMask = 2147483647;
			files = (
				938831310431F8BFDA7A87CC /* Pods_test_testUITests.framework in Frameworks */,
			);
			runOnlyForDeploymentPostprocessing = 0;
		};
/* End PBXFrameworksBuildPhase section */

/* Begin PBXGroup section */
		93D1BB4A614F2F6E60E6E4D7 /* Pods */ = {
			isa = PBXGroup;
			children = (
				76E6A0F5AD392C505E52A306 /* Pods-test.debug.xcconfig */,
				C30E286AAA57C444AB3C31AF /* Pods-test.release.xcconfig */,
				F786013622AACC707EA452B8 /* Pods-test-testUITests.debug.xcconfig */,
				0CB0098EB8CD3525E0725B4C /* Pods-test-testUITests.release.xcconfig */,
				B633E1F998E7270DD2773B70 /* Pods-testTests.debug.xcconfig */,
				F1331FEAD91F3C02BB7C61ED /* Pods-testTests.release.xcconfig */,
			);
			path = Pods;
			sourceTree = "<group>";
		};
		B1FA796525EFAFBCE0429694 /* Frameworks */ = {
			isa = PBXGroup;
			children = (
				8838F4D76F7392C7A6483439 /* Pods_test.framework */,
				C37A14B4AC102F5B9CA41361 /* Pods_test_testUITests.framework */,
				9B8298484B82324653DED985 /* Pods_testTests.framework */,
			);
			name = Frameworks;
			sourceTree = "<group>";
		};
		CD575BC523C85C88009429FF = {
			isa = PBXGroup;
			children = (
				CD575BD023C85C88009429FF /* test */,
				CD575BE723C85C8C009429FF /* testTests */,
				CD575BF223C85C8C009429FF /* testUITests */,
				CD575BCF23C85C88009429FF /* Products */,
				93D1BB4A614F2F6E60E6E4D7 /* Pods */,
				B1FA796525EFAFBCE0429694 /* Frameworks */,
			);
			sourceTree = "<group>";
		};
		CD575BCF23C85C88009429FF /* Products */ = {
			isa = PBXGroup;
			children = (
				CD575BCE23C85C88009429FF /* test.app */,
				CD575BE423C85C8C009429FF /* testTests.xctest */,
				CD575BEF23C85C8C009429FF /* testUITests.xctest */,
			);
			name = Products;
			sourceTree = "<group>";
		};
		CD575BD023C85C88009429FF /* test */ = {
			isa = PBXGroup;
			children = (
				CD575BD123C85C88009429FF /* AppDelegate.swift */,
				CD575BD323C85C88009429FF /* SceneDelegate.swift */,
				CD575BD523C85C88009429FF /* ViewController.swift */,
				CD575BD723C85C88009429FF /* Main.storyboard */,
				CD575BDA23C85C8C009429FF /* Assets.xcassets */,
				CD575BDC23C85C8C009429FF /* LaunchScreen.storyboard */,
				CD575BDF23C85C8C009429FF /* Info.plist */,
			);
			path = test;
			sourceTree = "<group>";
		};
		CD575BE723C85C8C009429FF /* testTests */ = {
			isa = PBXGroup;
			children = (
				CD575BE823C85C8C009429FF /* testTests.swift */,
				CD575BEA23C85C8C009429FF /* Info.plist */,
			);
			path = testTests;
			sourceTree = "<group>";
		};
		CD575BF223C85C8C009429FF /* testUITests */ = {
			isa = PBXGroup;
			children = (
				CD575BF323C85C8C009429FF /* testUITests.swift */,
				CD575BF523C85C8C009429FF /* Info.plist */,
			);
			path = testUITests;
			sourceTree = "<group>";
		};
/* End PBXGroup section */

/* Begin PBXNativeTarget section */
		CD575BCD23C85C88009429FF /* test */ = {
			isa = PBXNativeTarget;
			buildConfigurationList = CD575BF823C85C8C009429FF /* Build configuration list for PBXNativeTarget "test" */;
			buildPhases = (
				2B618C88C451D2F12A16B1A0 /* [CP] Check Pods Manifest.lock */,
				CD575BCA23C85C88009429FF /* Sources */,
				CD575BCB23C85C88009429FF /* Frameworks */,
				CD575BCC23C85C88009429FF /* Resources */,
				FD2DE6CEF59846ABDD939136 /* [CP] Copy Pods Resources */,
			);
			buildRules = (
			);
			dependencies = (
			);
			name = test;
			productName = test;
			productReference = CD575BCE23C85C88009429FF /* test.app */;
			productType = "com.apple.product-type.application";
		};
		CD575BE323C85C8C009429FF /* testTests */ = {
			isa = PBXNativeTarget;
			buildConfigurationList = CD575BFB23C85C8C009429FF /* Build configuration list for PBXNativeTarget "testTests" */;
			buildPhases = (
				348971DEFD5B092DAC727487 /* [CP] Check Pods Manifest.lock */,
				CD575BE023C85C8C009429FF /* Sources */,
				CD575BE123C85C8C009429FF /* Frameworks */,
				CD575BE223C85C8C009429FF /* Resources */,
			);
			buildRules = (
			);
			dependencies = (
				CD575BE623C85C8C009429FF /* PBXTargetDependency */,
			);
			name = testTests;
			productName = testTests;
			productReference = CD575BE423C85C8C009429FF /* testTests.xctest */;
			productType = "com.apple.product-type.bundle.unit-test";
		};
		CD575BEE23C85C8C009429FF /* testUITests */ = {
			isa = PBXNativeTarget;
			buildConfigurationList = CD575BFE23C85C8C009429FF /* Build configuration list for PBXNativeTarget "testUITests" */;
			buildPhases = (
				648E4B0029D2C178EA11DCCF /* [CP] Check Pods Manifest.lock */,
				CD575BEB23C85C8C009429FF /* Sources */,
				CD575BEC23C85C8C009429FF /* Frameworks */,
				CD575BED23C85C8C009429FF /* Resources */,
				572227B23D1352539C66551D /* [CP] Copy Pods Resources */,
			);
			buildRules = (
			);
			dependencies = (
				CD575BF123C85C8C009429FF /* PBXTargetDependency */,
			);
			name = testUITests;
			productName = testUITests;
			productReference = CD575BEF23C85C8C009429FF /* testUITests.xctest */;
			productType = "com.apple.product-type.bundle.ui-testing";
		};
/* End PBXNativeTarget section */

/* Begin PBXProject section */
		CD575BC623C85C88009429FF /* Project object */ = {
			isa = PBXProject;
			attributes = {
				LastSwiftUpdateCheck = 1130;
				LastUpgradeCheck = 1130;
				ORGANIZATIONNAME = "Ho Hoai";
				TargetAttributes = {
					CD575BCD23C85C88009429FF = {
						CreatedOnToolsVersion = 11.3;
						ProvisioningStyle = Automatic;
					};
					CD575BE323C85C8C009429FF = {
						CreatedOnToolsVersion = 11.3;
						ProvisioningStyle = Automatic;
						TestTargetID = CD575BCD23C85C88009429FF;
					};
					CD575BEE23C85C8C009429FF = {
						CreatedOnToolsVersion = 11.3;
						ProvisioningStyle = Automatic;
						TestTargetID = CD575BCD23C85C88009429FF;
					};
				};
			};
			buildConfigurationList = CD575BC923C85C88009429FF /* Build configuration list for PBXProject "test" */;
			compatibilityVersion = "Xcode 9.3";
			developmentRegion = en;
			hasScannedForEncodings = 0;
			knownRegions = (
				en,
				Base,
			);
			mainGroup = CD575BC523C85C88009429FF;
			productRefGroup = CD575BCF23C85C88009429FF /* Products */;
			projectDirPath = "";
			projectRoot = "";
			targets = (
				CD575BCD23C85C88009429FF /* test */,
				CD575BE323C85C8C009429FF /* testTests */,
				CD575BEE23C85C8C009429FF /* testUITests */,
			);
		};
/* End PBXProject section */

/* Begin PBXResourcesBuildPhase section */
		CD575BCC23C85C88009429FF /* Resources */ = {
			isa = PBXResourcesBuildPhase;
			buildActionMask = 2147483647;
			files = (
				CD575BDE23C85C8C009429FF /* LaunchScreen.storyboard in Resources */,
				CD575BDB23C85C8C009429FF /* Assets.xcassets in Resources */,
				CD575BD923C85C88009429FF /* Main.storyboard in Resources */,
			);
			runOnlyForDeploymentPostprocessing = 0;
		};
		CD575BE223C85C8C009429FF /* Resources */ = {
			isa = PBXResourcesBuildPhase;
			buildActionMask = 2147483647;
			files = (
			);
			runOnlyForDeploymentPostprocessing = 0;
		};
		CD575BED23C85C8C009429FF /* Resources */ = {
			isa = PBXResourcesBuildPhase;
			buildActionMask = 2147483647;
			files = (
			);
			runOnlyForDeploymentPostprocessing = 0;
		};
/* End PBXResourcesBuildPhase section */

/* Begin PBXShellScriptBuildPhase section */
		2B618C88C451D2F12A16B1A0 /* [CP] Check Pods Manifest.lock */ = {
			isa = PBXShellScriptBuildPhase;
			buildActionMask = 2147483647;
			files = (
			);
			inputFileListPaths = (
			);
			inputPaths = (
				"${PODS_PODFILE_DIR_PATH}/Podfile.lock",
				"${PODS_ROOT}/Manifest.lock",
			);
			name = "[CP] Check Pods Manifest.lock";
			outputFileListPaths = (
			);
			outputPaths = (
				"$(DERIVED_FILE_DIR)/Pods-test-checkManifestLockResult.txt",
			);
			runOnlyForDeploymentPostprocessing = 0;
			shellPath = /bin/sh;
			shellScript = "diff \"${PODS_PODFILE_DIR_PATH}/Podfile.lock\" \"${PODS_ROOT}/Manifest.lock\" > /dev/null\nif [ $? != 0 ] ; then\n    # print error to STDERR\n    echo \"error: The sandbox is not in sync with the Podfile.lock. Run 'pod install' or update your CocoaPods installation.\" >&2\n    exit 1\nfi\n# This output is used by Xcode 'outputs' to avoid re-running this script phase.\necho \"SUCCESS\" > \"${SCRIPT_OUTPUT_FILE_0}\"\n";
			showEnvVarsInLog = 0;
		};
		348971DEFD5B092DAC727487 /* [CP] Check Pods Manifest.lock */ = {
			isa = PBXShellScriptBuildPhase;
			buildActionMask = 2147483647;
			files = (
			);
			inputFileListPaths = (
			);
			inputPaths = (
				"${PODS_PODFILE_DIR_PATH}/Podfile.lock",
				"${PODS_ROOT}/Manifest.lock",
			);
			name = "[CP] Check Pods Manifest.lock";
			outputFileListPaths = (
			);
			outputPaths = (
				"$(DERIVED_FILE_DIR)/Pods-testTests-checkManifestLockResult.txt",
			);
			runOnlyForDeploymentPostprocessing = 0;
			shellPath = /bin/sh;
			shellScript = "diff \"${PODS_PODFILE_DIR_PATH}/Podfile.lock\" \"${PODS_ROOT}/Manifest.lock\" > /dev/null\nif [ $? != 0 ] ; then\n    # print error to STDERR\n    echo \"error: The sandbox is not in sync with the Podfile.lock. Run 'pod install' or update your CocoaPods installation.\" >&2\n    exit 1\nfi\n# This output is used by Xcode 'outputs' to avoid re-running this script phase.\necho \"SUCCESS\" > \"${SCRIPT_OUTPUT_FILE_0}\"\n";
			showEnvVarsInLog = 0;
		};
		572227B23D1352539C66551D /* [CP] Copy Pods Resources */ = {
			isa = PBXShellScriptBuildPhase;
			buildActionMask = 2147483647;
			files = (
			);
			inputFileListPaths = (
				"${PODS_ROOT}/Target Support Files/Pods-test-testUITests/Pods-test-testUITests-resources-${CONFIGURATION}-input-files.xcfilelist",
			);
			name = "[CP] Copy Pods Resources";
			outputFileListPaths = (
				"${PODS_ROOT}/Target Support Files/Pods-test-testUITests/Pods-test-testUITests-resources-${CONFIGURATION}-output-files.xcfilelist",
			);
			runOnlyForDeploymentPostprocessing = 0;
			shellPath = /bin/sh;
			shellScript = "\"${PODS_ROOT}/Target Support Files/Pods-test-testUITests/Pods-test-testUITests-resources.sh\"\n";
			showEnvVarsInLog = 0;
		};
		648E4B0029D2C178EA11DCCF /* [CP] Check Pods Manifest.lock */ = {
			isa = PBXShellScriptBuildPhase;
			buildActionMask = 2147483647;
			files = (
			);
			inputFileListPaths = (
			);
			inputPaths = (
				"${PODS_PODFILE_DIR_PATH}/Podfile.lock",
				"${PODS_ROOT}/Manifest.lock",
			);
			name = "[CP] Check Pods Manifest.lock";
			outputFileListPaths = (
			);
			outputPaths = (
				"$(DERIVED_FILE_DIR)/Pods-test-testUITests-checkManifestLockResult.txt",
			);
			runOnlyForDeploymentPostprocessing = 0;
			shellPath = /bin/sh;
			shellScript = "diff \"${PODS_PODFILE_DIR_PATH}/Podfile.lock\" \"${PODS_ROOT}/Manifest.lock\" > /dev/null\nif [ $? != 0 ] ; then\n    # print error to STDERR\n    echo \"error: The sandbox is not in sync with the Podfile.lock. Run 'pod install' or update your CocoaPods installation.\" >&2\n    exit 1\nfi\n# This output is used by Xcode 'outputs' to avoid re-running this script phase.\necho \"SUCCESS\" > \"${SCRIPT_OUTPUT_FILE_0}\"\n";
			showEnvVarsInLog = 0;
		};
		FD2DE6CEF59846ABDD939136 /* [CP] Copy Pods Resources */ = {
			isa = PBXShellScriptBuildPhase;
			buildActionMask = 2147483647;
			files = (
			);
			inputFileListPaths = (
				"${PODS_ROOT}/Target Support Files/Pods-test/Pods-test-resources-${CONFIGURATION}-input-files.xcfilelist",
			);
			name = "[CP] Copy Pods Resources";
			outputFileListPaths = (
				"${PODS_ROOT}/Target Support Files/Pods-test/Pods-test-resources-${CONFIGURATION}-output-files.xcfilelist",
			);
			runOnlyForDeploymentPostprocessing = 0;
			shellPath = /bin/sh;
			shellScript = "\"${PODS_ROOT}/Target Support Files/Pods-test/Pods-test-resources.sh\"\n";
			showEnvVarsInLog = 0;
		};
/* End PBXShellScriptBuildPhase section */

/* Begin PBXSourcesBuildPhase section */
		CD575BCA23C85C88009429FF /* Sources */ = {
			isa = PBXSourcesBuildPhase;
			buildActionMask = 2147483647;
			files = (
				CD575BD623C85C88009429FF /* ViewController.swift in Sources */,
				CD575BD223C85C88009429FF /* AppDelegate.swift in Sources */,
				CD575BD423C85C88009429FF /* SceneDelegate.swift in Sources */,
			);
			runOnlyForDeploymentPostprocessing = 0;
		};
		CD575BE023C85C8C009429FF /* Sources */ = {
			isa = PBXSourcesBuildPhase;
			buildActionMask = 2147483647;
			files = (
				CD575BE923C85C8C009429FF /* testTests.swift in Sources */,
			);
			runOnlyForDeploymentPostprocessing = 0;
		};
		CD575BEB23C85C8C009429FF /* Sources */ = {
			isa = PBXSourcesBuildPhase;
			buildActionMask = 2147483647;
			files = (
				CD575BF423C85C8C009429FF /* testUITests.swift in Sources */,
			);
			runOnlyForDeploymentPostprocessing = 0;
		};
/* End PBXSourcesBuildPhase section */

/* Begin PBXTargetDependency section */
		CD575BE623C85C8C009429FF /* PBXTargetDependency */ = {
			isa = PBXTargetDependency;
			target = CD575BCD23C85C88009429FF /* test */;
			targetProxy = CD575BE523C85C8C009429FF /* PBXContainerItemProxy */;
		};
		CD575BF123C85C8C009429FF /* PBXTargetDependency */ = {
			isa = PBXTargetDependency;
			target = CD575BCD23C85C88009429FF /* test */;
			targetProxy = CD575BF023C85C8C009429FF /* PBXContainerItemProxy */;
		};
/* End PBXTargetDependency section */

/* Begin PBXVariantGroup section */
		CD575BD723C85C88009429FF /* Main.storyboard */ = {
			isa = PBXVariantGroup;
			children = (
				CD575BD823C85C88009429FF /* Base */,
			);
			name = Main.storyboard;
			sourceTree = "<group>";
		};
		CD575BDC23C85C8C009429FF /* LaunchScreen.storyboard */ = {
			isa = PBXVariantGroup;
			children = (
				CD575BDD23C85C8C009429FF /* Base */,
			);
			name = LaunchScreen.storyboard;
			sourceTree = "<group>";
		};
/* End PBXVariantGroup section */

/* Begin XCBuildConfiguration section */
		CD575BF623C85C8C009429FF /* Debug */ = {
			isa = XCBuildConfiguration;
			buildSettings = {
				ALWAYS_SEARCH_USER_PATHS = NO;
				CLANG_ANALYZER_NONNULL = YES;
				CLANG_ANALYZER_NUMBER_OBJECT_CONVERSION = YES_AGGRESSIVE;
				CLANG_CXX_LANGUAGE_STANDARD = "gnu++14";
				CLANG_CXX_LIBRARY = "libc++";
				CLANG_ENABLE_MODULES = YES;
				CLANG_ENABLE_OBJC_ARC = YES;
				CLANG_ENABLE_OBJC_WEAK = YES;
				CLANG_WARN_BLOCK_CAPTURE_AUTORELEASING = YES;
				CLANG_WARN_BOOL_CONVERSION = YES;
				CLANG_WARN_COMMA = YES;
				CLANG_WARN_CONSTANT_CONVERSION = YES;
				CLANG_WARN_DEPRECATED_OBJC_IMPLEMENTATIONS = YES;
				CLANG_WARN_DIRECT_OBJC_ISA_USAGE = YES_ERROR;
				CLANG_WARN_DOCUMENTATION_COMMENTS = YES;
				CLANG_WARN_EMPTY_BODY = YES;
				CLANG_WARN_ENUM_CONVERSION = YES;
				CLANG_WARN_INFINITE_RECURSION = YES;
				CLANG_WARN_INT_CONVERSION = YES;
				CLANG_WARN_NON_LITERAL_NULL_CONVERSION = YES;
				CLANG_WARN_OBJC_IMPLICIT_RETAIN_SELF = YES;
				CLANG_WARN_OBJC_LITERAL_CONVERSION = YES;
				CLANG_WARN_OBJC_ROOT_CLASS = YES_ERROR;
				CLANG_WARN_RANGE_LOOP_ANALYSIS = YES;
				CLANG_WARN_STRICT_PROTOTYPES = YES;
				CLANG_WARN_SUSPICIOUS_MOVE = YES;
				CLANG_WARN_UNGUARDED_AVAILABILITY = YES_AGGRESSIVE;
				CLANG_WARN_UNREACHABLE_CODE = YES;
				CLANG_WARN__DUPLICATE_METHOD_MATCH = YES;
				COPY_PHASE_STRIP = NO;
				DEBUG_INFORMATION_FORMAT = dwarf;
				ENABLE_STRICT_OBJC_MSGSEND = YES;
				ENABLE_TESTABILITY = YES;
				GCC_C_LANGUAGE_STANDARD = gnu11;
				GCC_DYNAMIC_NO_PIC = NO;
				GCC_NO_COMMON_BLOCKS = YES;
				GCC_OPTIMIZATION_LEVEL = 0;
				GCC_PREPROCESSOR_DEFINITIONS = (
					"DEBUG=1",
					"$(inherited)",
				);
				GCC_WARN_64_TO_32_BIT_CONVERSION = YES;
				GCC_WARN_ABOUT_RETURN_TYPE = YES_ERROR;
				GCC_WARN_UNDECLARED_SELECTOR = YES;
				GCC_WARN_UNINITIALIZED_AUTOS = YES_AGGRESSIVE;
				GCC_WARN_UNUSED_FUNCTION = YES;
				GCC_WARN_UNUSED_VARIABLE = YES;
				IPHONEOS_DEPLOYMENT_TARGET = 13.2;
				MTL_ENABLE_DEBUG_INFO = INCLUDE_SOURCE;
				MTL_FAST_MATH = YES;
				ONLY_ACTIVE_ARCH = YES;
				SDKROOT = iphoneos;
				SWIFT_ACTIVE_COMPILATION_CONDITIONS = DEBUG;
				SWIFT_OPTIMIZATION_LEVEL = "-Onone";
				SWIFT_VERSION = "";
			};
			name = Debug;
		};
		CD575BF723C85C8C009429FF /* Release */ = {
			isa = XCBuildConfiguration;
			buildSettings = {
				ALWAYS_SEARCH_USER_PATHS = NO;
				CLANG_ANALYZER_NONNULL = YES;
				CLANG_ANALYZER_NUMBER_OBJECT_CONVERSION = YES_AGGRESSIVE;
				CLANG_CXX_LANGUAGE_STANDARD = "gnu++14";
				CLANG_CXX_LIBRARY = "libc++";
				CLANG_ENABLE_MODULES = YES;
				CLANG_ENABLE_OBJC_ARC = YES;
				CLANG_ENABLE_OBJC_WEAK = YES;
				CLANG_WARN_BLOCK_CAPTURE_AUTORELEASING = YES;
				CLANG_WARN_BOOL_CONVERSION = YES;
				CLANG_WARN_COMMA = YES;
				CLANG_WARN_CONSTANT_CONVERSION = YES;
				CLANG_WARN_DEPRECATED_OBJC_IMPLEMENTATIONS = YES;
				CLANG_WARN_DIRECT_OBJC_ISA_USAGE = YES_ERROR;
				CLANG_WARN_DOCUMENTATION_COMMENTS = YES;
				CLANG_WARN_EMPTY_BODY = YES;
				CLANG_WARN_ENUM_CONVERSION = YES;
				CLANG_WARN_INFINITE_RECURSION = YES;
				CLANG_WARN_INT_CONVERSION = YES;
				CLANG_WARN_NON_LITERAL_NULL_CONVERSION = YES;
				CLANG_WARN_OBJC_IMPLICIT_RETAIN_SELF = YES;
				CLANG_WARN_OBJC_LITERAL_CONVERSION = YES;
				CLANG_WARN_OBJC_ROOT_CLASS = YES_ERROR;
				CLANG_WARN_RANGE_LOOP_ANALYSIS = YES;
				CLANG_WARN_STRICT_PROTOTYPES = YES;
				CLANG_WARN_SUSPICIOUS_MOVE = YES;
				CLANG_WARN_UNGUARDED_AVAILABILITY = YES_AGGRESSIVE;
				CLANG_WARN_UNREACHABLE_CODE = YES;
				CLANG_WARN__DUPLICATE_METHOD_MATCH = YES;
				COPY_PHASE_STRIP = NO;
				DEBUG_INFORMATION_FORMAT = "dwarf-with-dsym";
				ENABLE_NS_ASSERTIONS = NO;
				ENABLE_STRICT_OBJC_MSGSEND = YES;
				GCC_C_LANGUAGE_STANDARD = gnu11;
				GCC_NO_COMMON_BLOCKS = YES;
				GCC_WARN_64_TO_32_BIT_CONVERSION = YES;
				GCC_WARN_ABOUT_RETURN_TYPE = YES_ERROR;
				GCC_WARN_UNDECLARED_SELECTOR = YES;
				GCC_WARN_UNINITIALIZED_AUTOS = YES_AGGRESSIVE;
				GCC_WARN_UNUSED_FUNCTION = YES;
				GCC_WARN_UNUSED_VARIABLE = YES;
				IPHONEOS_DEPLOYMENT_TARGET = 13.2;
				MTL_ENABLE_DEBUG_INFO = NO;
				MTL_FAST_MATH = YES;
				SDKROOT = iphoneos;
				SWIFT_COMPILATION_MODE = wholemodule;
				SWIFT_OPTIMIZATION_LEVEL = "-O";
				SWIFT_VERSION = "";
				VALIDATE_PRODUCT = YES;
			};
			name = Release;
		};
		CD575BF923C85C8C009429FF /* Debug */ = {
			isa = XCBuildConfiguration;
			baseConfigurationReference = 76E6A0F5AD392C505E52A306 /* Pods-test.debug.xcconfig */;
			buildSettings = {
				ASSETCATALOG_COMPILER_APPICON_NAME = AppIcon;
				CODE_SIGN_STYLE = Automatic;
				INFOPLIST_FILE = test/Info.plist;
				LD_RUNPATH_SEARCH_PATHS = (
					"$(inherited)",
					"@executable_path/Frameworks",
				);
				PRODUCT_BUNDLE_IDENTIFIER = hoaiht.it.test;
				PRODUCT_NAME = "$(TARGET_NAME)";
				SWIFT_VERSION = 5.0;
				TARGETED_DEVICE_FAMILY = "1,2";
			};
			name = Debug;
		};
		CD575BFA23C85C8C009429FF /* Release */ = {
			isa = XCBuildConfiguration;
			baseConfigurationReference = C30E286AAA57C444AB3C31AF /* Pods-test.release.xcconfig */;
			buildSettings = {
				ASSETCATALOG_COMPILER_APPICON_NAME = AppIcon;
				CODE_SIGN_STYLE = Automatic;
				INFOPLIST_FILE = test/Info.plist;
				LD_RUNPATH_SEARCH_PATHS = (
					"$(inherited)",
					"@executable_path/Frameworks",
				);
				PRODUCT_BUNDLE_IDENTIFIER = hoaiht.it.test;
				PRODUCT_NAME = "$(TARGET_NAME)";
				SWIFT_VERSION = 5.0;
				TARGETED_DEVICE_FAMILY = "1,2";
			};
			name = Release;
		};
		CD575BFC23C85C8C009429FF /* Debug */ = {
			isa = XCBuildConfiguration;
			baseConfigurationReference = B633E1F998E7270DD2773B70 /* Pods-testTests.debug.xcconfig */;
			buildSettings = {
				ALWAYS_EMBED_SWIFT_STANDARD_LIBRARIES = YES;
				BUNDLE_LOADER = "$(TEST_HOST)";
				CODE_SIGN_STYLE = Automatic;
				INFOPLIST_FILE = testTests/Info.plist;
				IPHONEOS_DEPLOYMENT_TARGET = 13.2;
				LD_RUNPATH_SEARCH_PATHS = (
					"$(inherited)",
					"@executable_path/Frameworks",
					"@loader_path/Frameworks",
				);
				PRODUCT_BUNDLE_IDENTIFIER = hoaiht.it.testTests;
				PRODUCT_NAME = "$(TARGET_NAME)";
				SWIFT_VERSION = 5.0;
				TARGETED_DEVICE_FAMILY = "1,2";
				TEST_HOST = "$(BUILT_PRODUCTS_DIR)/test.app/test";
			};
			name = Debug;
		};
		CD575BFD23C85C8C009429FF /* Release */ = {
			isa = XCBuildConfiguration;
			baseConfigurationReference = F1331FEAD91F3C02BB7C61ED /* Pods-testTests.release.xcconfig */;
			buildSettings = {
				ALWAYS_EMBED_SWIFT_STANDARD_LIBRARIES = YES;
				BUNDLE_LOADER = "$(TEST_HOST)";
				CODE_SIGN_STYLE = Automatic;
				INFOPLIST_FILE = testTests/Info.plist;
				IPHONEOS_DEPLOYMENT_TARGET = 13.2;
				LD_RUNPATH_SEARCH_PATHS = (
					"$(inherited)",
					"@executable_path/Frameworks",
					"@loader_path/Frameworks",
				);
				PRODUCT_BUNDLE_IDENTIFIER = hoaiht.it.testTests;
				PRODUCT_NAME = "$(TARGET_NAME)";
				SWIFT_VERSION = 5.0;
				TARGETED_DEVICE_FAMILY = "1,2";
				TEST_HOST = "$(BUILT_PRODUCTS_DIR)/test.app/test";
			};
			name = Release;
		};
		CD575BFF23C85C8C009429FF /* Debug */ = {
			isa = XCBuildConfiguration;
			baseConfigurationReference = F786013622AACC707EA452B8 /* Pods-test-testUITests.debug.xcconfig */;
			buildSettings = {
				ALWAYS_EMBED_SWIFT_STANDARD_LIBRARIES = YES;
				CODE_SIGN_STYLE = Automatic;
				INFOPLIST_FILE = testUITests/Info.plist;
				LD_RUNPATH_SEARCH_PATHS = (
					"$(inherited)",
					"@executable_path/Frameworks",
					"@loader_path/Frameworks",
				);
				PRODUCT_BUNDLE_IDENTIFIER = hoaiht.it.testUITests;
				PRODUCT_NAME = "$(TARGET_NAME)";
				SWIFT_VERSION = 5.0;
				TARGETED_DEVICE_FAMILY = "1,2";
				TEST_TARGET_NAME = test;
			};
			name = Debug;
		};
		CD575C0023C85C8C009429FF /* Release */ = {
			isa = XCBuildConfiguration;
			baseConfigurationReference = 0CB0098EB8CD3525E0725B4C /* Pods-test-testUITests.release.xcconfig */;
			buildSettings = {
				ALWAYS_EMBED_SWIFT_STANDARD_LIBRARIES = YES;
				CODE_SIGN_STYLE = Automatic;
				INFOPLIST_FILE = testUITests/Info.plist;
				LD_RUNPATH_SEARCH_PATHS = (
					"$(inherited)",
					"@executable_path/Frameworks",
					"@loader_path/Frameworks",
				);
				PRODUCT_BUNDLE_IDENTIFIER = hoaiht.it.testUITests;
				PRODUCT_NAME = "$(TARGET_NAME)";
				SWIFT_VERSION = 5.0;
				TARGETED_DEVICE_FAMILY = "1,2";
				TEST_TARGET_NAME = test;
			};
			name = Release;
		};
/* End XCBuildConfiguration section */

/* Begin XCConfigurationList section */
		CD575BC923C85C88009429FF /* Build configuration list for PBXProject "test" */ = {
			isa = XCConfigurationList;
			buildConfigurations = (
				CD575BF623C85C8C009429FF /* Debug */,
				CD575BF723C85C8C009429FF /* Release */,
			);
			defaultConfigurationIsVisible = 0;
			defaultConfigurationName = Release;
		};
		CD575BF823C85C8C009429FF /* Build configuration list for PBXNativeTarget "test" */ = {
			isa = XCConfigurationList;
			buildConfigurations = (
				CD575BF923C85C8C009429FF /* Debug */,
				CD575BFA23C85C8C009429FF /* Release */,
			);
			defaultConfigurationIsVisible = 0;
			defaultConfigurationName = Release;
		};
		CD575BFB23C85C8C009429FF /* Build configuration list for PBXNativeTarget "testTests" */ = {
			isa = XCConfigurationList;
			buildConfigurations = (
				CD575BFC23C85C8C009429FF /* Debug */,
				CD575BFD23C85C8C009429FF /* Release */,
			);
			defaultConfigurationIsVisible = 0;
			defaultConfigurationName = Release;
		};
		CD575BFE23C85C8C009429FF /* Build configuration list for PBXNativeTarget "testUITests" */ = {
			isa = XCConfigurationList;
			buildConfigurations = (
				CD575BFF23C85C8C009429FF /* Debug */,
				CD575C0023C85C8C009429FF /* Release */,
			);
			defaultConfigurationIsVisible = 0;
			defaultConfigurationName = Release;
		};
/* End XCConfigurationList section */
	};
	rootObject = CD575BC623C85C88009429FF /* Project object */;
}
